PODS:
  - connectivity_plus (0.0.1):
    - FlutterMacOS
    - ReachabilitySwift
  - flutter_desktop_sleep (0.0.1):
    - FlutterMacOS
  - FlutterMacOS (1.0.0)
  - package_info_plus (0.0.1):
    - FlutterMacOS
  - path_provider_foundation (0.0.1):
    - Flutter
    - FlutterMacOS
  - ReachabilitySwift (5.0.0)
  - SQLCipher (4.5.3):
    - SQLCipher/standard (= 4.5.3)
  - SQLCipher/common (4.5.3)
  - SQLCipher/standard (4.5.3):
    - SQLCipher/common
  - sqlcipher_flutter_libs (0.0.1):
    - FlutterMacOS
    - SQLCipher (~> 4.5.2)

DEPENDENCIES:
  - connectivity_plus (from `Flutter/ephemeral/.symlinks/plugins/connectivity_plus/macos`)
  - flutter_desktop_sleep (from `Flutter/ephemeral/.symlinks/plugins/flutter_desktop_sleep/macos`)
  - FlutterMacOS (from `Flutter/ephemeral`)
  - package_info_plus (from `Flutter/ephemeral/.symlinks/plugins/package_info_plus/macos`)
  - path_provider_foundation (from `Flutter/ephemeral/.symlinks/plugins/path_provider_foundation/macos`)
  - sqlcipher_flutter_libs (from `Flutter/ephemeral/.symlinks/plugins/sqlcipher_flutter_libs/macos`)

SPEC REPOS:
  trunk:
    - ReachabilitySwift
    - SQLCipher

EXTERNAL SOURCES:
  connectivity_plus:
    :path: Flutter/ephemeral/.symlinks/plugins/connectivity_plus/macos
  flutter_desktop_sleep:
    :path: Flutter/ephemeral/.symlinks/plugins/flutter_desktop_sleep/macos
  FlutterMacOS:
    :path: Flutter/ephemeral
  package_info_plus:
    :path: Flutter/ephemeral/.symlinks/plugins/package_info_plus/macos
  path_provider_foundation:
    :path: Flutter/ephemeral/.symlinks/plugins/path_provider_foundation/macos
  sqlcipher_flutter_libs:
    :path: Flutter/ephemeral/.symlinks/plugins/sqlcipher_flutter_libs/macos

SPEC CHECKSUMS:
  connectivity_plus: 18d3c32514c886e046de60e9c13895109866c747
  flutter_desktop_sleep: d7e29bb5c2944a0db954674f53ad190b79a7d69d
  FlutterMacOS: 8f6f14fa908a6fb3fba0cd85dbd81ec4b251fb24
  package_info_plus: 02d7a575e80f194102bef286361c6c326e4c29ce
  path_provider_foundation: c68054786f1b4f3343858c1e1d0caaded73f0be9
  ReachabilitySwift: 985039c6f7b23a1da463388634119492ff86c825
  SQLCipher: 57fa9f863fa4a3ed9dd3c90ace52315db8c0fdca
  sqlcipher_flutter_libs: f6d600a386ad90a33149ac0d95dd32a5b3219fd6

PODFILE CHECKSUM: 353c8bcc5d5b0994e508d035b5431cfe18c1dea7

COCOAPODS: 1.11.3
